
Microsoft Visual Studio Solution File, Format Version 12.00
# Visual Studio Version 17
VisualStudioVersion = 17.5.002.0
MinimumVisualStudioVersion = 10.0.40219.1
Project("{9A19103F-16F7-4668-BE54-9A1E7A4F7556}") = "C#_Basics", "C#_Basics.csproj", "{A6DE906A-91CC-4E18-848D-2E6579B17C1C}"
EndProject
Global
	GlobalSection(SolutionConfigurationPlatforms) = preSolution
		Debug|Any CPU = Debug|Any CPU
		Release|Any CPU = Release|Any CPU
	EndGlobalSection
	GlobalSection(ProjectConfigurationPlatforms) = postSolution
		{A6DE906A-91CC-4E18-848D-2E6579B17C1C}.Debug|Any CPU.ActiveCfg = Debug|Any CPU
		{A6DE906A-91CC-4E18-848D-2E6579B17C1C}.Debug|Any CPU.Build.0 = Debug|Any CPU
		{A6DE906A-91CC-4E18-848D-2E6579B17C1C}.Release|Any CPU.ActiveCfg = Release|Any CPU
		{A6DE906A-91CC-4E18-848D-2E6579B17C1C}.Release|Any CPU.Build.0 = Release|Any CPU
	EndGlobalSection
	GlobalSection(SolutionProperties) = preSolution
		HideSolutionNode = FALSE
	EndGlobalSection
	GlobalSection(ExtensibilityGlobals) = postSolution
		SolutionGuid = {090987DA-5D9B-40ED-83FB-DAC03EB067C1}
	EndGlobalSection
EndGlobal
